
Microsoft Visual Studio Solution File, Format Version 12.00
# Visual Studio Version 17
VisualStudioVersion = 17.4.33122.133
MinimumVisualStudioVersion = 10.0.40219.1
Project("{FAE04EC0-301F-11D3-BF4B-00C04F79EFBC}") = "Centigrados a farenheit", "Centigrados a farenheit\Centigrados a farenheit.csproj", "{BE48BB4F-B37C-4E2D-9D35-7043E88ABDBD}"
EndProject
Global
	GlobalSection(SolutionConfigurationPlatforms) = preSolution
		Debug|Any CPU = Debug|Any CPU
		Release|Any CPU = Release|Any CPU
	EndGlobalSection
	GlobalSection(ProjectConfigurationPlatforms) = postSolution
		{BE48BB4F-B37C-4E2D-9D35-7043E88ABDBD}.Debug|Any CPU.ActiveCfg = Debug|Any CPU
		{BE48BB4F-B37C-4E2D-9D35-7043E88ABDBD}.Debug|Any CPU.Build.0 = Debug|Any CPU
		{BE48BB4F-B37C-4E2D-9D35-7043E88ABDBD}.Release|Any CPU.ActiveCfg = Release|Any CPU
		{BE48BB4F-B37C-4E2D-9D35-7043E88ABDBD}.Release|Any CPU.Build.0 = Release|Any CPU
	EndGlobalSection
	GlobalSection(SolutionProperties) = preSolution
		HideSolutionNode = FALSE
	EndGlobalSection
	GlobalSection(ExtensibilityGlobals) = postSolution
		SolutionGuid = {595AB326-B10E-4CA1-9A20-09439E53783D}
	EndGlobalSection
EndGlobal
